LT:
  cmd: Rscript src/R/label_transfer.R
  deps:
  - path: data/query.rds
    md5: bb7c701c67732c2f19a632aced55ec7b
  - path: data/reference.rds
    md5: ce069a759a01f3a18c57a36f6cf91f5d
  - path: src/R/label_transfer.R
    md5: 41eaaea488160cfaa82516748306d732
  outs:
  - path: results/coarse_types.csv
    md5: 67c11cbe3e6a9cbfc93a6ea33d7fd614
  - path: results/query_neural_cells.csv
    md5: 7668daa3a266f20d56cfdf955c396ed9
  - path: results/query_neural_counts.mtx
    md5: d3cfd5011d2463415e146316f72ffb70
  - path: results/query_neural_features.csv
    md5: dede3168739b0eb21d70643ec80dfaae
NN:
  cmd: python src/py/neural_network.py
  deps:
  - path: models
    md5: 8cead6b5565c075330e3b9289fbd3741.dir
  - path: results/query_neural_counts.mtx
    md5: d3cfd5011d2463415e146316f72ffb70
  - path: results/query_neural_features.csv
    md5: dede3168739b0eb21d70643ec80dfaae
  - path: src/py/helper_functions.py
    md5: 5b6bb55d4121448178526e2b742ffe07
  - path: src/py/neural_network.py
    md5: efe612e84cc958974fcf75ea598c3638
  outs:
  - path: results/neural_types.csv
    md5: 402c9f6bbcc5923b655b22cec112e487
